{
    "name": "commonplace_js",
    "lockfileVersion": 2,
    "requires": true,
    "packages": {
        "": {
            "workspaces": [
                "./packages/*"
            ],
            "devDependencies": {
                "typescript": "^4.7.4"
            }
        },
        "node_modules/@commonplace/lib": {
            "resolved": "packages/lib",
            "link": true
        },
        "node_modules/@commonplace/test_server": {
            "resolved": "packages/test_server",
            "link": true
        },
        "node_modules/typescript": {
            "version": "4.7.4",
            "resolved": "https://registry.npmjs.org/typescript/-/typescript-4.7.4.tgz",
            "integrity": "sha512-C0WQT0gezHuw6AdY1M2jxUO83Rjf0HP7Sk1DtXj6j1EwkQNZrHAg2XPWlq62oqEhYvONq5pkC2Y9oPljWToLmQ==",
            "dev": true,
            "bin": {
                "tsc": "bin/tsc",
                "tsserver": "bin/tsserver"
            },
            "engines": {
                "node": ">=4.2.0"
            }
        },
        "packages/lib": {
            "name": "@commonplace/lib",
            "version": "1.0.0",
            "license": "ISC"
        },
        "packages/test_server": {
            "name": "@commonplace/test_server",
            "version": "1.0.0",
            "license": "ISC",
            "dependencies": {
                "@commonplace/lib": "^1.0.0"
            }
        }
    },
    "dependencies": {
        "@commonplace/lib": {
            "version": "file:packages/lib"
        },
        "@commonplace/test_server": {
            "version": "file:packages/test_server",
            "requires": {
                "@commonplace/lib": "^1.0.0"
            }
        },
        "typescript": {
            "version": "4.7.4",
            "resolved": "https://registry.npmjs.org/typescript/-/typescript-4.7.4.tgz",
            "integrity": "sha512-C0WQT0gezHuw6AdY1M2jxUO83Rjf0HP7Sk1DtXj6j1EwkQNZrHAg2XPWlq62oqEhYvONq5pkC2Y9oPljWToLmQ==",
            "dev": true
        }
    }
}
